
Microsoft Visual Studio Solution File, Format Version 12.00
# Visual Studio Version 17
VisualStudioVersion = 17.7.34024.191
MinimumVisualStudioVersion = 10.0.40219.1
Project("{2150E333-8FDC-42A3-9474-1A3956D46DE8}") = "Services", "Services", "{74AE19D7-57B5-4503-A28A-8A161B524D4E}"
EndProject
Project("{2150E333-8FDC-42A3-9474-1A3956D46DE8}") = "Catalog", "Catalog", "{11D185D9-295E-488A-8C90-3D4C42E09AAF}"
EndProject
Project("{9A19103F-16F7-4668-BE54-9A1E7A4F7556}") = "Catalog.API", "Services\Catalog\Catalog.API\Catalog.API.csproj", "{5F1C2448-12C4-4296-A812-1BB8F3186882}"
EndProject
Project("{E53339B2-1760-4266-BCC7-CA923CBCF16C}") = "docker-compose", "docker-compose.dcproj", "{7AEA9650-688B-4CC9-B1F5-A79AA3AA80F0}"
EndProject
Project("{2150E333-8FDC-42A3-9474-1A3956D46DE8}") = "Basket", "Basket", "{92841AB3-1F92-4B06-A00E-501E25791229}"
EndProject
Project("{9A19103F-16F7-4668-BE54-9A1E7A4F7556}") = "Basket.API", "Services\Basket\Basket.API\Basket.API.csproj", "{A7D9A50C-9684-4186-B838-AFA29FC12B46}"
EndProject
Project("{2150E333-8FDC-42A3-9474-1A3956D46DE8}") = "Solution Items", "Solution Items", "{1F5174BB-86DC-417C-B26C-BAFEF7CCAE15}"
	ProjectSection(SolutionItems) = preProject
		Publishes.txt = Publishes.txt
	EndProjectSection
EndProject
Project("{2150E333-8FDC-42A3-9474-1A3956D46DE8}") = "Discount", "Discount", "{00299070-2F67-4A6D-ACD7-5FA00EAA144F}"
EndProject
Project("{9A19103F-16F7-4668-BE54-9A1E7A4F7556}") = "Discount.API", "Services\Discount\Discount.API\Discount.API.csproj", "{90BACCBA-D345-44B3-8500-E7BC5AA38F82}"
EndProject
Project("{2150E333-8FDC-42A3-9474-1A3956D46DE8}") = "Ordering", "Ordering", "{4C85BEC0-43CE-47F3-9EFA-8D35A77D417D}"
EndProject
Project("{9A19103F-16F7-4668-BE54-9A1E7A4F7556}") = "Ordering.API", "Services\Ordering\Ordering.API\Ordering.API.csproj", "{48DCFDA4-FFDF-4B8F-A054-041C305F55E3}"
EndProject
Project("{9A19103F-16F7-4668-BE54-9A1E7A4F7556}") = "Ordering.Domain", "Services\Ordering\Ordering.Domain\Ordering.Domain.csproj", "{282F226D-CD42-4D46-A131-3320928A011F}"
EndProject
Project("{9A19103F-16F7-4668-BE54-9A1E7A4F7556}") = "Ordering.Application", "Services\Ordering\Ordering.Application\Ordering.Application.csproj", "{B0B52E6B-4398-4317-BCDE-A0640C830158}"
EndProject
Project("{9A19103F-16F7-4668-BE54-9A1E7A4F7556}") = "Ordering.Infrastructure", "Services\Ordering\Ordering.Infrastructure\Ordering.Infrastructure.csproj", "{0F0AB04A-B7E1-4E80-B5C7-43D47965CAFE}"
EndProject
Project("{2150E333-8FDC-42A3-9474-1A3956D46DE8}") = "BuildingBlocks", "BuildingBlocks", "{8801694D-BA18-45E6-ABB5-18FFDFE8DD45}"
EndProject
Project("{9A19103F-16F7-4668-BE54-9A1E7A4F7556}") = "EventBus.Messages", "BuildingBlocks\EventBus.Messages\EventBus.Messages.csproj", "{A1346BF3-D8AD-464A-BA69-F830F968E547}"
EndProject
Project("{2150E333-8FDC-42A3-9474-1A3956D46DE8}") = "ApiGateways", "ApiGateways", "{D164058F-B650-464C-ABAE-984A5F29C899}"
EndProject
Project("{9A19103F-16F7-4668-BE54-9A1E7A4F7556}") = "OcelotApiGw", "ApiGateways\OcelotApiGw\OcelotApiGw.csproj", "{C19AC68B-359A-4C84-A268-B9EB0F741370}"
EndProject
Project("{2150E333-8FDC-42A3-9474-1A3956D46DE8}") = "Images", "Images", "{0B2914C4-8D1F-42D4-B6D4-778DF37E1E2B}"
	ProjectSection(SolutionItems) = preProject
		..\..\..\..\Desktop\110304529-c5b70180-800c-11eb-832b-a2751b5bda76.png = ..\..\..\..\Desktop\110304529-c5b70180-800c-11eb-832b-a2751b5bda76.png
	EndProjectSection
EndProject
Project("{9A19103F-16F7-4668-BE54-9A1E7A4F7556}") = "Shopping.Aggregator", "ApiGateways\Shopping.Aggregator\Shopping.Aggregator.csproj", "{F4C0237D-3EB4-492B-9803-1EF707964905}"
EndProject
Project("{2150E333-8FDC-42A3-9474-1A3956D46DE8}") = "Coupon", "Coupon", "{64E243CD-FE13-4ADA-A3DD-8DECE096FD7D}"
EndProject
Project("{9A19103F-16F7-4668-BE54-9A1E7A4F7556}") = "Coupon.API", "Services\Coupon\Coupon.API\Coupon.API.csproj", "{A3D0476D-D4A6-4864-82C3-D32407F2847A}"
EndProject
Project("{2150E333-8FDC-42A3-9474-1A3956D46DE8}") = "UI", "UI", "{9B440BA5-5CED-405D-96CA-CE7F68D8871E}"
EndProject
Project("{FAE04EC0-301F-11D3-BF4B-00C04F79EFBC}") = "Web.UI", "..\Web.UI\Web.UI.csproj", "{7BA0F950-CAA4-4F83-A28C-1EE18A4CED91}"
EndProject
Global
	GlobalSection(SolutionConfigurationPlatforms) = preSolution
		Debug|Any CPU = Debug|Any CPU
		Release|Any CPU = Release|Any CPU
	EndGlobalSection
	GlobalSection(ProjectConfigurationPlatforms) = postSolution
		{5F1C2448-12C4-4296-A812-1BB8F3186882}.Debug|Any CPU.ActiveCfg = Debug|Any CPU
		{5F1C2448-12C4-4296-A812-1BB8F3186882}.Debug|Any CPU.Build.0 = Debug|Any CPU
		{5F1C2448-12C4-4296-A812-1BB8F3186882}.Release|Any CPU.ActiveCfg = Release|Any CPU
		{5F1C2448-12C4-4296-A812-1BB8F3186882}.Release|Any CPU.Build.0 = Release|Any CPU
		{7AEA9650-688B-4CC9-B1F5-A79AA3AA80F0}.Debug|Any CPU.ActiveCfg = Debug|Any CPU
		{7AEA9650-688B-4CC9-B1F5-A79AA3AA80F0}.Debug|Any CPU.Build.0 = Debug|Any CPU
		{7AEA9650-688B-4CC9-B1F5-A79AA3AA80F0}.Release|Any CPU.ActiveCfg = Release|Any CPU
		{7AEA9650-688B-4CC9-B1F5-A79AA3AA80F0}.Release|Any CPU.Build.0 = Release|Any CPU
		{A7D9A50C-9684-4186-B838-AFA29FC12B46}.Debug|Any CPU.ActiveCfg = Debug|Any CPU
		{A7D9A50C-9684-4186-B838-AFA29FC12B46}.Debug|Any CPU.Build.0 = Debug|Any CPU
		{A7D9A50C-9684-4186-B838-AFA29FC12B46}.Release|Any CPU.ActiveCfg = Release|Any CPU
		{A7D9A50C-9684-4186-B838-AFA29FC12B46}.Release|Any CPU.Build.0 = Release|Any CPU
		{90BACCBA-D345-44B3-8500-E7BC5AA38F82}.Debug|Any CPU.ActiveCfg = Debug|Any CPU
		{90BACCBA-D345-44B3-8500-E7BC5AA38F82}.Debug|Any CPU.Build.0 = Debug|Any CPU
		{90BACCBA-D345-44B3-8500-E7BC5AA38F82}.Release|Any CPU.ActiveCfg = Release|Any CPU
		{90BACCBA-D345-44B3-8500-E7BC5AA38F82}.Release|Any CPU.Build.0 = Release|Any CPU
		{48DCFDA4-FFDF-4B8F-A054-041C305F55E3}.Debug|Any CPU.ActiveCfg = Debug|Any CPU
		{48DCFDA4-FFDF-4B8F-A054-041C305F55E3}.Debug|Any CPU.Build.0 = Debug|Any CPU
		{48DCFDA4-FFDF-4B8F-A054-041C305F55E3}.Release|Any CPU.ActiveCfg = Release|Any CPU
		{48DCFDA4-FFDF-4B8F-A054-041C305F55E3}.Release|Any CPU.Build.0 = Release|Any CPU
		{282F226D-CD42-4D46-A131-3320928A011F}.Debug|Any CPU.ActiveCfg = Debug|Any CPU
		{282F226D-CD42-4D46-A131-3320928A011F}.Debug|Any CPU.Build.0 = Debug|Any CPU
		{282F226D-CD42-4D46-A131-3320928A011F}.Release|Any CPU.ActiveCfg = Release|Any CPU
		{282F226D-CD42-4D46-A131-3320928A011F}.Release|Any CPU.Build.0 = Release|Any CPU
		{B0B52E6B-4398-4317-BCDE-A0640C830158}.Debug|Any CPU.ActiveCfg = Debug|Any CPU
		{B0B52E6B-4398-4317-BCDE-A0640C830158}.Debug|Any CPU.Build.0 = Debug|Any CPU
		{B0B52E6B-4398-4317-BCDE-A0640C830158}.Release|Any CPU.ActiveCfg = Release|Any CPU
		{B0B52E6B-4398-4317-BCDE-A0640C830158}.Release|Any CPU.Build.0 = Release|Any CPU
		{0F0AB04A-B7E1-4E80-B5C7-43D47965CAFE}.Debug|Any CPU.ActiveCfg = Debug|Any CPU
		{0F0AB04A-B7E1-4E80-B5C7-43D47965CAFE}.Debug|Any CPU.Build.0 = Debug|Any CPU
		{0F0AB04A-B7E1-4E80-B5C7-43D47965CAFE}.Release|Any CPU.ActiveCfg = Release|Any CPU
		{0F0AB04A-B7E1-4E80-B5C7-43D47965CAFE}.Release|Any CPU.Build.0 = Release|Any CPU
		{A1346BF3-D8AD-464A-BA69-F830F968E547}.Debug|Any CPU.ActiveCfg = Debug|Any CPU
		{A1346BF3-D8AD-464A-BA69-F830F968E547}.Debug|Any CPU.Build.0 = Debug|Any CPU
		{A1346BF3-D8AD-464A-BA69-F830F968E547}.Release|Any CPU.ActiveCfg = Release|Any CPU
		{A1346BF3-D8AD-464A-BA69-F830F968E547}.Release|Any CPU.Build.0 = Release|Any CPU
		{C19AC68B-359A-4C84-A268-B9EB0F741370}.Debug|Any CPU.ActiveCfg = Debug|Any CPU
		{C19AC68B-359A-4C84-A268-B9EB0F741370}.Debug|Any CPU.Build.0 = Debug|Any CPU
		{C19AC68B-359A-4C84-A268-B9EB0F741370}.Release|Any CPU.ActiveCfg = Release|Any CPU
		{C19AC68B-359A-4C84-A268-B9EB0F741370}.Release|Any CPU.Build.0 = Release|Any CPU
		{F4C0237D-3EB4-492B-9803-1EF707964905}.Debug|Any CPU.ActiveCfg = Debug|Any CPU
		{F4C0237D-3EB4-492B-9803-1EF707964905}.Debug|Any CPU.Build.0 = Debug|Any CPU
		{F4C0237D-3EB4-492B-9803-1EF707964905}.Release|Any CPU.ActiveCfg = Release|Any CPU
		{F4C0237D-3EB4-492B-9803-1EF707964905}.Release|Any CPU.Build.0 = Release|Any CPU
		{A3D0476D-D4A6-4864-82C3-D32407F2847A}.Debug|Any CPU.ActiveCfg = Debug|Any CPU
		{A3D0476D-D4A6-4864-82C3-D32407F2847A}.Debug|Any CPU.Build.0 = Debug|Any CPU
		{A3D0476D-D4A6-4864-82C3-D32407F2847A}.Release|Any CPU.ActiveCfg = Release|Any CPU
		{A3D0476D-D4A6-4864-82C3-D32407F2847A}.Release|Any CPU.Build.0 = Release|Any CPU
		{7BA0F950-CAA4-4F83-A28C-1EE18A4CED91}.Debug|Any CPU.ActiveCfg = Debug|Any CPU
		{7BA0F950-CAA4-4F83-A28C-1EE18A4CED91}.Debug|Any CPU.Build.0 = Debug|Any CPU
		{7BA0F950-CAA4-4F83-A28C-1EE18A4CED91}.Release|Any CPU.ActiveCfg = Release|Any CPU
		{7BA0F950-CAA4-4F83-A28C-1EE18A4CED91}.Release|Any CPU.Build.0 = Release|Any CPU
	EndGlobalSection
	GlobalSection(SolutionProperties) = preSolution
		HideSolutionNode = FALSE
	EndGlobalSection
	GlobalSection(NestedProjects) = preSolution
		{11D185D9-295E-488A-8C90-3D4C42E09AAF} = {74AE19D7-57B5-4503-A28A-8A161B524D4E}
		{5F1C2448-12C4-4296-A812-1BB8F3186882} = {11D185D9-295E-488A-8C90-3D4C42E09AAF}
		{92841AB3-1F92-4B06-A00E-501E25791229} = {74AE19D7-57B5-4503-A28A-8A161B524D4E}
		{A7D9A50C-9684-4186-B838-AFA29FC12B46} = {92841AB3-1F92-4B06-A00E-501E25791229}
		{00299070-2F67-4A6D-ACD7-5FA00EAA144F} = {74AE19D7-57B5-4503-A28A-8A161B524D4E}
		{90BACCBA-D345-44B3-8500-E7BC5AA38F82} = {00299070-2F67-4A6D-ACD7-5FA00EAA144F}
		{4C85BEC0-43CE-47F3-9EFA-8D35A77D417D} = {74AE19D7-57B5-4503-A28A-8A161B524D4E}
		{48DCFDA4-FFDF-4B8F-A054-041C305F55E3} = {4C85BEC0-43CE-47F3-9EFA-8D35A77D417D}
		{282F226D-CD42-4D46-A131-3320928A011F} = {4C85BEC0-43CE-47F3-9EFA-8D35A77D417D}
		{B0B52E6B-4398-4317-BCDE-A0640C830158} = {4C85BEC0-43CE-47F3-9EFA-8D35A77D417D}
		{0F0AB04A-B7E1-4E80-B5C7-43D47965CAFE} = {4C85BEC0-43CE-47F3-9EFA-8D35A77D417D}
		{A1346BF3-D8AD-464A-BA69-F830F968E547} = {8801694D-BA18-45E6-ABB5-18FFDFE8DD45}
		{C19AC68B-359A-4C84-A268-B9EB0F741370} = {D164058F-B650-464C-ABAE-984A5F29C899}
		{F4C0237D-3EB4-492B-9803-1EF707964905} = {D164058F-B650-464C-ABAE-984A5F29C899}
		{64E243CD-FE13-4ADA-A3DD-8DECE096FD7D} = {74AE19D7-57B5-4503-A28A-8A161B524D4E}
		{A3D0476D-D4A6-4864-82C3-D32407F2847A} = {64E243CD-FE13-4ADA-A3DD-8DECE096FD7D}
		{7BA0F950-CAA4-4F83-A28C-1EE18A4CED91} = {9B440BA5-5CED-405D-96CA-CE7F68D8871E}
	EndGlobalSection
	GlobalSection(ExtensibilityGlobals) = postSolution
		SolutionGuid = {416D6AED-E3E6-46D7-817B-EAC8D2E51839}
	EndGlobalSection
EndGlobal
